# This file is automatically @generated by Cargo.
# It is not intended for manual editing.
version = 4

[[package]]
name = "cogniform-cli"
version = "0.0.0"
dependencies = [
 "cogniform-engine",
 "cogniform-protocol",
]

[[package]]
name = "cogniform-engine"
version = "0.0.0"
dependencies = [
 "cogniform-protocol",
 "cogniform-renderer",
 "cogniform-replay",
 "cogniform-world",
]

[[package]]
name = "cogniform-protocol"
version = "0.0.0"

[[package]]
name = "cogniform-renderer"
version = "0.0.0"
dependencies = [
 "cogniform-protocol",
]

[[package]]
name = "cogniform-replay"
version = "0.0.0"
dependencies = [
 "cogniform-protocol",
 "cogniform-world",
]

[[package]]
name = "cogniform-world"
version = "0.0.0"
dependencies = [
 "cogniform-protocol",
]
